
Microsoft Visual Studio Solution File, Format Version 12.00
# Visual Studio Version 17
VisualStudioVersion = 17.14.36203.30
MinimumVisualStudioVersion = 10.0.40219.1
Project("{8BC9CEB8-8B4A-11D0-8D11-00A0C91BC942}") = "DataContainers", "DataContainers\DataContainers.vcxproj", "{AE07BDA7-2B96-49F5-A065-B2AC7F503ED6}"
EndProject
Project("{8BC9CEB8-8B4A-11D0-8D11-00A0C91BC942}") = "ForwardList", "ForwardList\ForwardList.vcxproj", "{4031F0EC-9040-4988-97A5-FBF8E3D3D1F6}"
EndProject
Project("{8BC9CEB8-8B4A-11D0-8D11-00A0C91BC942}") = "List", "List\List.vcxproj", "{461004A5-CA39-49BB-AC5F-44A17FBB683E}"
EndProject
Project("{8BC9CEB8-8B4A-11D0-8D11-00A0C91BC942}") = "Recursion", "Recursion\Recursion.vcxproj", "{2D44E467-BB31-43BB-B201-AA1E10E3D4D1}"
EndProject
Project("{8BC9CEB8-8B4A-11D0-8D11-00A0C91BC942}") = "Binary Tree", "Binary Tree\Binary Tree.vcxproj", "{51378564-0F55-40CA-958E-EF5D3011DE20}"
EndProject
Global
	GlobalSection(SolutionConfigurationPlatforms) = preSolution
		Debug|x64 = Debug|x64
		Debug|x86 = Debug|x86
		Release|x64 = Release|x64
		Release|x86 = Release|x86
	EndGlobalSection
	GlobalSection(ProjectConfigurationPlatforms) = postSolution
		{AE07BDA7-2B96-49F5-A065-B2AC7F503ED6}.Debug|x64.ActiveCfg = Debug|x64
		{AE07BDA7-2B96-49F5-A065-B2AC7F503ED6}.Debug|x64.Build.0 = Debug|x64
		{AE07BDA7-2B96-49F5-A065-B2AC7F503ED6}.Debug|x86.ActiveCfg = Debug|Win32
		{AE07BDA7-2B96-49F5-A065-B2AC7F503ED6}.Debug|x86.Build.0 = Debug|Win32
		{AE07BDA7-2B96-49F5-A065-B2AC7F503ED6}.Release|x64.ActiveCfg = Release|x64
		{AE07BDA7-2B96-49F5-A065-B2AC7F503ED6}.Release|x64.Build.0 = Release|x64
		{AE07BDA7-2B96-49F5-A065-B2AC7F503ED6}.Release|x86.ActiveCfg = Release|Win32
		{AE07BDA7-2B96-49F5-A065-B2AC7F503ED6}.Release|x86.Build.0 = Release|Win32
		{4031F0EC-9040-4988-97A5-FBF8E3D3D1F6}.Debug|x64.ActiveCfg = Debug|x64
		{4031F0EC-9040-4988-97A5-FBF8E3D3D1F6}.Debug|x64.Build.0 = Debug|x64
		{4031F0EC-9040-4988-97A5-FBF8E3D3D1F6}.Debug|x86.ActiveCfg = Debug|Win32
		{4031F0EC-9040-4988-97A5-FBF8E3D3D1F6}.Debug|x86.Build.0 = Debug|Win32
		{4031F0EC-9040-4988-97A5-FBF8E3D3D1F6}.Release|x64.ActiveCfg = Release|x64
		{4031F0EC-9040-4988-97A5-FBF8E3D3D1F6}.Release|x64.Build.0 = Release|x64
		{4031F0EC-9040-4988-97A5-FBF8E3D3D1F6}.Release|x86.ActiveCfg = Release|Win32
		{4031F0EC-9040-4988-97A5-FBF8E3D3D1F6}.Release|x86.Build.0 = Release|Win32
		{461004A5-CA39-49BB-AC5F-44A17FBB683E}.Debug|x64.ActiveCfg = Debug|x64
		{461004A5-CA39-49BB-AC5F-44A17FBB683E}.Debug|x64.Build.0 = Debug|x64
		{461004A5-CA39-49BB-AC5F-44A17FBB683E}.Debug|x86.ActiveCfg = Debug|Win32
		{461004A5-CA39-49BB-AC5F-44A17FBB683E}.Debug|x86.Build.0 = Debug|Win32
		{461004A5-CA39-49BB-AC5F-44A17FBB683E}.Release|x64.ActiveCfg = Release|x64
		{461004A5-CA39-49BB-AC5F-44A17FBB683E}.Release|x64.Build.0 = Release|x64
		{461004A5-CA39-49BB-AC5F-44A17FBB683E}.Release|x86.ActiveCfg = Release|Win32
		{461004A5-CA39-49BB-AC5F-44A17FBB683E}.Release|x86.Build.0 = Release|Win32
		{2D44E467-BB31-43BB-B201-AA1E10E3D4D1}.Debug|x64.ActiveCfg = Debug|x64
		{2D44E467-BB31-43BB-B201-AA1E10E3D4D1}.Debug|x64.Build.0 = Debug|x64
		{2D44E467-BB31-43BB-B201-AA1E10E3D4D1}.Debug|x86.ActiveCfg = Debug|Win32
		{2D44E467-BB31-43BB-B201-AA1E10E3D4D1}.Debug|x86.Build.0 = Debug|Win32
		{2D44E467-BB31-43BB-B201-AA1E10E3D4D1}.Release|x64.ActiveCfg = Release|x64
		{2D44E467-BB31-43BB-B201-AA1E10E3D4D1}.Release|x64.Build.0 = Release|x64
		{2D44E467-BB31-43BB-B201-AA1E10E3D4D1}.Release|x86.ActiveCfg = Release|Win32
		{2D44E467-BB31-43BB-B201-AA1E10E3D4D1}.Release|x86.Build.0 = Release|Win32
		{51378564-0F55-40CA-958E-EF5D3011DE20}.Debug|x64.ActiveCfg = Debug|x64
		{51378564-0F55-40CA-958E-EF5D3011DE20}.Debug|x64.Build.0 = Debug|x64
		{51378564-0F55-40CA-958E-EF5D3011DE20}.Debug|x86.ActiveCfg = Debug|Win32
		{51378564-0F55-40CA-958E-EF5D3011DE20}.Debug|x86.Build.0 = Debug|Win32
		{51378564-0F55-40CA-958E-EF5D3011DE20}.Release|x64.ActiveCfg = Release|x64
		{51378564-0F55-40CA-958E-EF5D3011DE20}.Release|x64.Build.0 = Release|x64
		{51378564-0F55-40CA-958E-EF5D3011DE20}.Release|x86.ActiveCfg = Release|Win32
		{51378564-0F55-40CA-958E-EF5D3011DE20}.Release|x86.Build.0 = Release|Win32
	EndGlobalSection
	GlobalSection(SolutionProperties) = preSolution
		HideSolutionNode = FALSE
	EndGlobalSection
	GlobalSection(ExtensibilityGlobals) = postSolution
		SolutionGuid = {AA3B08BC-FFB4-4B5B-8BDB-F3CC0308D743}
	EndGlobalSection
EndGlobal
